{
  "requires": true,
  "lockfileVersion": 1,
  "dependencies": {
    "angular-bootstrap-toggle": {
      "version": "0.4.2",
      "resolved": "https://registry.npmjs.org/angular-bootstrap-toggle/-/angular-bootstrap-toggle-0.4.2.tgz",
      "integrity": "sha512-C+3qAkulDff8uYZKHnJDgIJndaLB6McWzcJSy31RVN19sUKmax1DpCEAz9gAtv69O8XVi9wQWtlWjv/zC8s0pw=="
    }
  }
}
